
Microsoft Visual Studio Solution File, Format Version 12.00
# Visual Studio Version 16
VisualStudioVersion = 16.0.31019.35
MinimumVisualStudioVersion = 10.0.40219.1
Project("{FAE04EC0-301F-11D3-BF4B-00C04F79EFBC}") = "Echo4GSS", "Echo4GSS.csproj", "{10B79E99-89D9-48E6-8633-D719E59F9266}"
EndProject
Global
	GlobalSection(SolutionConfigurationPlatforms) = preSolution
		Debug|Any CPU = Debug|Any CPU
		Release|Any CPU = Release|Any CPU
	EndGlobalSection
	GlobalSection(ProjectConfigurationPlatforms) = postSolution
		{10B79E99-89D9-48E6-8633-D719E59F9266}.Debug|Any CPU.ActiveCfg = Debug|Any CPU
		{10B79E99-89D9-48E6-8633-D719E59F9266}.Debug|Any CPU.Build.0 = Debug|Any CPU
		{10B79E99-89D9-48E6-8633-D719E59F9266}.Release|Any CPU.ActiveCfg = Release|Any CPU
		{10B79E99-89D9-48E6-8633-D719E59F9266}.Release|Any CPU.Build.0 = Release|Any CPU
	EndGlobalSection
	GlobalSection(SolutionProperties) = preSolution
		HideSolutionNode = FALSE
	EndGlobalSection
	GlobalSection(ExtensibilityGlobals) = postSolution
		SolutionGuid = {E0515BD7-27E8-4B09-9350-0632D79F9D52}
	EndGlobalSection
EndGlobal
